lockfileVersion: '9.0'

settings:
  autoInstallPeers: true
  excludeLinksFromLockfile: false

importers:

  .:
    dependencies:
      libtess:
        specifier: 1.2.2
        version: 1.2.2

packages:

  libtess@1.2.2:
    resolution: {integrity: sha512-Nps8HPeVVcsmJxUvFLKVJcCgcz+1ajPTXDVAVPs6+giOQP4AHV31uZFFkh+CKow/bkB7GbZWKmwmit7myaqDSw==}

snapshots:

  libtess@1.2.2: {}
